
Microsoft Visual Studio Solution File, Format Version 12.00
# Visual Studio 15
VisualStudioVersion = 15.0.28307.960
MinimumVisualStudioVersion = 10.0.40219.1
Project("{FAE04EC0-301F-11D3-BF4B-00C04F79EFBC}") = "MyStromRestApiCSharp", "MyStromRestApiCSharp\MyStromRestApiCSharp.csproj", "{DB9ED5B9-7790-42D2-84EB-C9687F47E42C}"
EndProject
Global
	GlobalSection(SolutionConfigurationPlatforms) = preSolution
		Debug|Any CPU = Debug|Any CPU
		Release|Any CPU = Release|Any CPU
	EndGlobalSection
	GlobalSection(ProjectConfigurationPlatforms) = postSolution
		{DB9ED5B9-7790-42D2-84EB-C9687F47E42C}.Debug|Any CPU.ActiveCfg = Debug|Any CPU
		{DB9ED5B9-7790-42D2-84EB-C9687F47E42C}.Debug|Any CPU.Build.0 = Debug|Any CPU
		{DB9ED5B9-7790-42D2-84EB-C9687F47E42C}.Release|Any CPU.ActiveCfg = Release|Any CPU
		{DB9ED5B9-7790-42D2-84EB-C9687F47E42C}.Release|Any CPU.Build.0 = Release|Any CPU
	EndGlobalSection
	GlobalSection(SolutionProperties) = preSolution
		HideSolutionNode = FALSE
	EndGlobalSection
	GlobalSection(ExtensibilityGlobals) = postSolution
		SolutionGuid = {9AA1F4B7-4DD2-40EB-A148-4764646D1ECD}
	EndGlobalSection
EndGlobal
